// !$*UTF8*$!
{
	archiveVersion = 1;
	classes = {
	};
	objectVersion = 77;
	objects = {

/* Begin PBXContainerItemProxy section */
		A21EC0D72CD4ED0300CC55B4 /* PBXContainerItemProxy */ = {
			isa = PBXContainerItemProxy;
			containerPortal = A21EC0BE2CD4ED0100CC55B4 /* Project object */;
			proxyType = 1;
			remoteGlobalIDString = A21EC0C52CD4ED0100CC55B4;
			remoteInfo = BubbleSortApp;
		};
		A21EC0E12CD4ED0300CC55B4 /* PBXContainerItemProxy */ = {
			isa = PBXContainerItemProxy;
			containerPortal = A21EC0BE2CD4ED0100CC55B4 /* Project object */;
			proxyType = 1;
			remoteGlobalIDString = A21EC0C52CD4ED0100CC55B4;
			remoteInfo = BubbleSortApp;
		};
/* End PBXContainerItemProxy section */

/* Begin PBXFileReference section */
		A21EC0C62CD4ED0100CC55B4 /* BubbleSortApp.app */ = {isa = PBXFileReference; explicitFileType = wrapper.application; includeInIndex = 0; path = BubbleSortApp.app; sourceTree = BUILT_PRODUCTS_DIR; };
		A21EC0D62CD4ED0300CC55B4 /* BubbleSortAppTests.xctest */ = {isa = PBXFileReference; explicitFileType = wrapper.cfbundle; includeInIndex = 0; path = BubbleSortAppTests.xctest; sourceTree = BUILT_PRODUCTS_DIR; };
		A21EC0E02CD4ED0300CC55B4 /* BubbleSortAppUITests.xctest */ = {isa = PBXFileReference; explicitFileType = wrapper.cfbundle; includeInIndex = 0; path = BubbleSortAppUITests.xctest; sourceTree = BUILT_PRODUCTS_DIR; };
/* End PBXFileReference section */

/* Begin PBXFileSystemSynchronizedRootGroup section */
		A21EC0C82CD4ED0100CC55B4 /* BubbleSortApp */ = {
			isa = PBXFileSystemSynchronizedRootGroup;
			path = BubbleSortApp;
			sourceTree = "<group>";
		};
		A21EC0D92CD4ED0300CC55B4 /* BubbleSortAppTests */ = {
			isa = PBXFileSystemSynchronizedRootGroup;
			path = BubbleSortAppTests;
			sourceTree = "<group>";
		};
		A21EC0E32CD4ED0300CC55B4 /* BubbleSortAppUITests */ = {
			isa = PBXFileSystemSynchronizedRootGroup;
			path = BubbleSortAppUITests;
			sourceTree = "<group>";
		};
/* End PBXFileSystemSynchronizedRootGroup section */

/* Begin PBXFrameworksBuildPhase section */
		A21EC0C32CD4ED0100CC55B4 /* Frameworks */ = {
			isa = PBXFrameworksBuildPhase;
			buildActionMask = 2147483647;
			files = (
			);
			runOnlyForDeploymentPostprocessing = 0;
		};
		A21EC0D32CD4ED0300CC55B4 /* Frameworks */ = {
			isa = PBXFrameworksBuildPhase;
			buildActionMask = 2147483647;
			files = (
			);
			runOnlyForDeploymentPostprocessing = 0;
		};
		A21EC0DD2CD4ED0300CC55B4 /* Frameworks */ = {
			isa = PBXFrameworksBuildPhase;
			buildActionMask = 2147483647;
			files = (
			);
			runOnlyForDeploymentPostprocessing = 0;
		};
/* End PBXFrameworksBuildPhase section */

/* Begin PBXGroup section */
		A21EC0BD2CD4ED0100CC55B4 = {
			isa = PBXGroup;
			children = (
				A21EC0C82CD4ED0100CC55B4 /* BubbleSortApp */,
				A21EC0D92CD4ED0300CC55B4 /* BubbleSortAppTests */,
				A21EC0E32CD4ED0300CC55B4 /* BubbleSortAppUITests */,
				A21EC0C72CD4ED0100CC55B4 /* Products */,
			);
			sourceTree = "<group>";
		};
		A21EC0C72CD4ED0100CC55B4 /* Products */ = {
			isa = PBXGroup;
			children = (
				A21EC0C62CD4ED0100CC55B4 /* BubbleSortApp.app */,
				A21EC0D62CD4ED0300CC55B4 /* BubbleSortAppTests.xctest */,
				A21EC0E02CD4ED0300CC55B4 /* BubbleSortAppUITests.xctest */,
			);
			name = Products;
			sourceTree = "<group>";
		};
/* End PBXGroup section */

/* Begin PBXNativeTarget section */
		A21EC0C52CD4ED0100CC55B4 /* BubbleSortApp */ = {
			isa = PBXNativeTarget;
			buildConfigurationList = A21EC0EA2CD4ED0300CC55B4 /* Build configuration list for PBXNativeTarget "BubbleSortApp" */;
			buildPhases = (
				A21EC0C22CD4ED0100CC55B4 /* Sources */,
				A21EC0C32CD4ED0100CC55B4 /* Frameworks */,
				A21EC0C42CD4ED0100CC55B4 /* Resources */,
			);
			buildRules = (
			);
			dependencies = (
			);
			fileSystemSynchronizedGroups = (
				A21EC0C82CD4ED0100CC55B4 /* BubbleSortApp */,
			);
			name = BubbleSortApp;
			packageProductDependencies = (
			);
			productName = BubbleSortApp;
			productReference = A21EC0C62CD4ED0100CC55B4 /* BubbleSortApp.app */;
			productType = "com.apple.product-type.application";
		};
		A21EC0D52CD4ED0300CC55B4 /* BubbleSortAppTests */ = {
			isa = PBXNativeTarget;
			buildConfigurationList = A21EC0ED2CD4ED0300CC55B4 /* Build configuration list for PBXNativeTarget "BubbleSortAppTests" */;
			buildPhases = (
				A21EC0D22CD4ED0300CC55B4 /* Sources */,
				A21EC0D32CD4ED0300CC55B4 /* Frameworks */,
				A21EC0D42CD4ED0300CC55B4 /* Resources */,
			);
			buildRules = (
			);
			dependencies = (
				A21EC0D82CD4ED0300CC55B4 /* PBXTargetDependency */,
			);
			fileSystemSynchronizedGroups = (
				A21EC0D92CD4ED0300CC55B4 /* BubbleSortAppTests */,
			);
			name = BubbleSortAppTests;
			packageProductDependencies = (
			);
			productName = BubbleSortAppTests;
			productReference = A21EC0D62CD4ED0300CC55B4 /* BubbleSortAppTests.xctest */;
			productType = "com.apple.product-type.bundle.unit-test";
		};
		A21EC0DF2CD4ED0300CC55B4 /* BubbleSortAppUITests */ = {
			isa = PBXNativeTarget;
			buildConfigurationList = A21EC0F02CD4ED0300CC55B4 /* Build configuration list for PBXNativeTarget "BubbleSortAppUITests" */;
			buildPhases = (
				A21EC0DC2CD4ED0300CC55B4 /* Sources */,
				A21EC0DD2CD4ED0300CC55B4 /* Frameworks */,
				A21EC0DE2CD4ED0300CC55B4 /* Resources */,
			);
			buildRules = (
			);
			dependencies = (
				A21EC0E22CD4ED0300CC55B4 /* PBXTargetDependency */,
			);
			fileSystemSynchronizedGroups = (
				A21EC0E32CD4ED0300CC55B4 /* BubbleSortAppUITests */,
			);
			name = BubbleSortAppUITests;
			packageProductDependencies = (
			);
			productName = BubbleSortAppUITests;
			productReference = A21EC0E02CD4ED0300CC55B4 /* BubbleSortAppUITests.xctest */;
			productType = "com.apple.product-type.bundle.ui-testing";
		};
/* End PBXNativeTarget section */

/* Begin PBXProject section */
		A21EC0BE2CD4ED0100CC55B4 /* Project object */ = {
			isa = PBXProject;
			attributes = {
				BuildIndependentTargetsInParallel = 1;
				LastSwiftUpdateCheck = 1610;
				LastUpgradeCheck = 1610;
				TargetAttributes = {
					A21EC0C52CD4ED0100CC55B4 = {
						CreatedOnToolsVersion = 16.1;
					};
					A21EC0D52CD4ED0300CC55B4 = {
						CreatedOnToolsVersion = 16.1;
						TestTargetID = A21EC0C52CD4ED0100CC55B4;
					};
					A21EC0DF2CD4ED0300CC55B4 = {
						CreatedOnToolsVersion = 16.1;
						TestTargetID = A21EC0C52CD4ED0100CC55B4;
					};
				};
			};
			buildConfigurationList = A21EC0C12CD4ED0100CC55B4 /* Build configuration list for PBXProject "BubbleSortApp" */;
			developmentRegion = en;
			hasScannedForEncodings = 0;
			knownRegions = (
				en,
				Base,
			);
			mainGroup = A21EC0BD2CD4ED0100CC55B4;
			minimizedProjectReferenceProxies = 1;
			preferredProjectObjectVersion = 77;
			productRefGroup = A21EC0C72CD4ED0100CC55B4 /* Products */;
			projectDirPath = "";
			projectRoot = "";
			targets = (
				A21EC0C52CD4ED0100CC55B4 /* BubbleSortApp */,
				A21EC0D52CD4ED0300CC55B4 /* BubbleSortAppTests */,
				A21EC0DF2CD4ED0300CC55B4 /* BubbleSortAppUITests */,
			);
		};
/* End PBXProject section */

/* Begin PBXResourcesBuildPhase section */
		A21EC0C42CD4ED0100CC55B4 /* Resources */ = {
			isa = PBXResourcesBuildPhase;
			buildActionMask = 2147483647;
			files = (
			);
			runOnlyForDeploymentPostprocessing = 0;
		};
		A21EC0D42CD4ED0300CC55B4 /* Resources */ = {
			isa = PBXResourcesBuildPhase;
			buildActionMask = 2147483647;
			files = (
			);
			runOnlyForDeploymentPostprocessing = 0;
		};
		A21EC0DE2CD4ED0300CC55B4 /* Resources */ = {
			isa = PBXResourcesBuildPhase;
			buildActionMask = 2147483647;
			files = (
			);
			runOnlyForDeploymentPostprocessing = 0;
		};
/* End PBXResourcesBuildPhase section */

/* Begin PBXSourcesBuildPhase section */
		A21EC0C22CD4ED0100CC55B4 /* Sources */ = {
			isa = PBXSourcesBuildPhase;
			buildActionMask = 2147483647;
			files = (
			);
			runOnlyForDeploymentPostprocessing = 0;
		};
		A21EC0D22CD4ED0300CC55B4 /* Sources */ = {
			isa = PBXSourcesBuildPhase;
			buildActionMask = 2147483647;
			files = (
			);
			runOnlyForDeploymentPostprocessing = 0;
		};
		A21EC0DC2CD4ED0300CC55B4 /* Sources */ = {
			isa = PBXSourcesBuildPhase;
			buildActionMask = 2147483647;
			files = (
			);
			runOnlyForDeploymentPostprocessing = 0;
		};
/* End PBXSourcesBuildPhase section */

/* Begin PBXTargetDependency section */
		A21EC0D82CD4ED0300CC55B4 /* PBXTargetDependency */ = {
			isa = PBXTargetDependency;
			target = A21EC0C52CD4ED0100CC55B4 /* BubbleSortApp */;
			targetProxy = A21EC0D72CD4ED0300CC55B4 /* PBXContainerItemProxy */;
		};
		A21EC0E22CD4ED0300CC55B4 /* PBXTargetDependency */ = {
			isa = PBXTargetDependency;
			target = A21EC0C52CD4ED0100CC55B4 /* BubbleSortApp */;
			targetProxy = A21EC0E12CD4ED0300CC55B4 /* PBXContainerItemProxy */;
		};
/* End PBXTargetDependency section */

/* Begin XCBuildConfiguration section */
		A21EC0E82CD4ED0300CC55B4 /* Debug */ = {
			isa = XCBuildConfiguration;
			buildSettings = {
				ALWAYS_SEARCH_USER_PATHS = NO;
				ASSETCATALOG_COMPILER_GENERATE_SWIFT_ASSET_SYMBOL_EXTENSIONS = YES;
				CLANG_ANALYZER_NONNULL = YES;
				CLANG_ANALYZER_NUMBER_OBJECT_CONVERSION = YES_AGGRESSIVE;
				CLANG_CXX_LANGUAGE_STANDARD = "gnu++20";
				CLANG_ENABLE_MODULES = YES;
				CLANG_ENABLE_OBJC_ARC = YES;
				CLANG_ENABLE_OBJC_WEAK = YES;
				CLANG_WARN_BLOCK_CAPTURE_AUTORELEASING = YES;
				CLANG_WARN_BOOL_CONVERSION = YES;
				CLANG_WARN_COMMA = YES;
				CLANG_WARN_CONSTANT_CONVERSION = YES;
				CLANG_WARN_DEPRECATED_OBJC_IMPLEMENTATIONS = YES;
				CLANG_WARN_DIRECT_OBJC_ISA_USAGE = YES_ERROR;
				CLANG_WARN_DOCUMENTATION_COMMENTS = YES;
				CLANG_WARN_EMPTY_BODY = YES;
				CLANG_WARN_ENUM_CONVERSION = YES;
				CLANG_WARN_INFINITE_RECURSION = YES;
				CLANG_WARN_INT_CONVERSION = YES;
				CLANG_WARN_NON_LITERAL_NULL_CONVERSION = YES;
				CLANG_WARN_OBJC_IMPLICIT_RETAIN_SELF = YES;
				CLANG_WARN_OBJC_LITERAL_CONVERSION = YES;
				CLANG_WARN_OBJC_ROOT_CLASS = YES_ERROR;
				CLANG_WARN_QUOTED_INCLUDE_IN_FRAMEWORK_HEADER = YES;
				CLANG_WARN_RANGE_LOOP_ANALYSIS = YES;
				CLANG_WARN_STRICT_PROTOTYPES = YES;
				CLANG_WARN_SUSPICIOUS_MOVE = YES;
				CLANG_WARN_UNGUARDED_AVAILABILITY = YES_AGGRESSIVE;
				CLANG_WARN_UNREACHABLE_CODE = YES;
				CLANG_WARN__DUPLICATE_METHOD_MATCH = YES;
				COPY_PHASE_STRIP = NO;
				DEBUG_INFORMATION_FORMAT = dwarf;
				ENABLE_STRICT_OBJC_MSGSEND = YES;
				ENABLE_TESTABILITY = YES;
				ENABLE_USER_SCRIPT_SANDBOXING = YES;
				GCC_C_LANGUAGE_STANDARD = gnu17;
				GCC_DYNAMIC_NO_PIC = NO;
				GCC_NO_COMMON_BLOCKS = YES;
				GCC_OPTIMIZATION_LEVEL = 0;
				GCC_PREPROCESSOR_DEFINITIONS = (
					"DEBUG=1",
					"$(inherited)",
				);
				GCC_WARN_64_TO_32_BIT_CONVERSION = YES;
				GCC_WARN_ABOUT_RETURN_TYPE = YES_ERROR;
				GCC_WARN_UNDECLARED_SELECTOR = YES;
				GCC_WARN_UNINITIALIZED_AUTOS = YES_AGGRESSIVE;
				GCC_WARN_UNUSED_FUNCTION = YES;
				GCC_WARN_UNUSED_VARIABLE = YES;
				IPHONEOS_DEPLOYMENT_TARGET = 18.1;
				LOCALIZATION_PREFERS_STRING_CATALOGS = YES;
				MTL_ENABLE_DEBUG_INFO = INCLUDE_SOURCE;
				MTL_FAST_MATH = YES;
				ONLY_ACTIVE_ARCH = YES;
				SDKROOT = iphoneos;
				SWIFT_ACTIVE_COMPILATION_CONDITIONS = "DEBUG $(inherited)";
				SWIFT_OPTIMIZATION_LEVEL = "-Onone";
			};
			name = Debug;
		};
		A21EC0E92CD4ED0300CC55B4 /* Release */ = {
			isa = XCBuildConfiguration;
			buildSettings = {
				ALWAYS_SEARCH_USER_PATHS = NO;
				ASSETCATALOG_COMPILER_GENERATE_SWIFT_ASSET_SYMBOL_EXTENSIONS = YES;
				CLANG_ANALYZER_NONNULL = YES;
				CLANG_ANALYZER_NUMBER_OBJECT_CONVERSION = YES_AGGRESSIVE;
				CLANG_CXX_LANGUAGE_STANDARD = "gnu++20";
				CLANG_ENABLE_MODULES = YES;
				CLANG_ENABLE_OBJC_ARC = YES;
				CLANG_ENABLE_OBJC_WEAK = YES;
				CLANG_WARN_BLOCK_CAPTURE_AUTORELEASING = YES;
				CLANG_WARN_BOOL_CONVERSION = YES;
				CLANG_WARN_COMMA = YES;
				CLANG_WARN_CONSTANT_CONVERSION = YES;
				CLANG_WARN_DEPRECATED_OBJC_IMPLEMENTATIONS = YES;
				CLANG_WARN_DIRECT_OBJC_ISA_USAGE = YES_ERROR;
				CLANG_WARN_DOCUMENTATION_COMMENTS = YES;
				CLANG_WARN_EMPTY_BODY = YES;
				CLANG_WARN_ENUM_CONVERSION = YES;
				CLANG_WARN_INFINITE_RECURSION = YES;
				CLANG_WARN_INT_CONVERSION = YES;
				CLANG_WARN_NON_LITERAL_NULL_CONVERSION = YES;
				CLANG_WARN_OBJC_IMPLICIT_RETAIN_SELF = YES;
				CLANG_WARN_OBJC_LITERAL_CONVERSION = YES;
				CLANG_WARN_OBJC_ROOT_CLASS = YES_ERROR;
				CLANG_WARN_QUOTED_INCLUDE_IN_FRAMEWORK_HEADER = YES;
				CLANG_WARN_RANGE_LOOP_ANALYSIS = YES;
				CLANG_WARN_STRICT_PROTOTYPES = YES;
				CLANG_WARN_SUSPICIOUS_MOVE = YES;
				CLANG_WARN_UNGUARDED_AVAILABILITY = YES_AGGRESSIVE;
				CLANG_WARN_UNREACHABLE_CODE = YES;
				CLANG_WARN__DUPLICATE_METHOD_MATCH = YES;
				COPY_PHASE_STRIP = NO;
				DEBUG_INFORMATION_FORMAT = "dwarf-with-dsym";
				ENABLE_NS_ASSERTIONS = NO;
				ENABLE_STRICT_OBJC_MSGSEND = YES;
				ENABLE_USER_SCRIPT_SANDBOXING = YES;
				GCC_C_LANGUAGE_STANDARD = gnu17;
				GCC_NO_COMMON_BLOCKS = YES;
				GCC_WARN_64_TO_32_BIT_CONVERSION = YES;
				GCC_WARN_ABOUT_RETURN_TYPE = YES_ERROR;
				GCC_WARN_UNDECLARED_SELECTOR = YES;
				GCC_WARN_UNINITIALIZED_AUTOS = YES_AGGRESSIVE;
				GCC_WARN_UNUSED_FUNCTION = YES;
				GCC_WARN_UNUSED_VARIABLE = YES;
				IPHONEOS_DEPLOYMENT_TARGET = 18.1;
				LOCALIZATION_PREFERS_STRING_CATALOGS = YES;
				MTL_ENABLE_DEBUG_INFO = NO;
				MTL_FAST_MATH = YES;
				SDKROOT = iphoneos;
				SWIFT_COMPILATION_MODE = wholemodule;
				VALIDATE_PRODUCT = YES;
			};
			name = Release;
		};
		A21EC0EB2CD4ED0300CC55B4 /* Debug */ = {
			isa = XCBuildConfiguration;
			buildSettings = {
				ASSETCATALOG_COMPILER_APPICON_NAME = AppIcon;
				ASSETCATALOG_COMPILER_GLOBAL_ACCENT_COLOR_NAME = AccentColor;
				ASSETCATALOG_COMPILER_INCLUDE_ALL_APPICON_ASSETS = NO;
				CODE_SIGN_IDENTITY = "Apple Development";
				CODE_SIGN_STYLE = Automatic;
				CURRENT_PROJECT_VERSION = 1;
				DEVELOPMENT_ASSET_PATHS = "\"BubbleSortApp/Preview Content\"";
				DEVELOPMENT_TEAM = 2J5KM3753W;
				ENABLE_PREVIEWS = YES;
				GENERATE_INFOPLIST_FILE = YES;
				INFOPLIST_KEY_UIApplicationSceneManifest_Generation = YES;
				INFOPLIST_KEY_UIApplicationSupportsIndirectInputEvents = YES;
				INFOPLIST_KEY_UILaunchScreen_Generation = YES;
				INFOPLIST_KEY_UISupportedInterfaceOrientations_iPad = "UIInterfaceOrientationPortrait UIInterfaceOrientationPortraitUpsideDown UIInterfaceOrientationLandscapeLeft UIInterfaceOrientationLandscapeRight";
				INFOPLIST_KEY_UISupportedInterfaceOrientations_iPhone = "UIInterfaceOrientationPortrait UIInterfaceOrientationLandscapeLeft UIInterfaceOrientationLandscapeRight";
				IPHONEOS_DEPLOYMENT_TARGET = 17.1;
				LD_RUNPATH_SEARCH_PATHS = (
					"$(inherited)",
					"@executable_path/Frameworks",
				);
				MARKETING_VERSION = 1.0;
				PRODUCT_BUNDLE_IDENTIFIER = com.danielz.BubbleSortApp;
				PRODUCT_NAME = "$(TARGET_NAME)";
				PROVISIONING_PROFILE_SPECIFIER = "";
				SWIFT_EMIT_LOC_STRINGS = YES;
				SWIFT_VERSION = 5.0;
				TARGETED_DEVICE_FAMILY = "1,2";
			};
			name = Debug;
		};
		A21EC0EC2CD4ED0300CC55B4 /* Release */ = {
			isa = XCBuildConfiguration;
			buildSettings = {
				ASSETCATALOG_COMPILER_APPICON_NAME = AppIcon;
				ASSETCATALOG_COMPILER_GLOBAL_ACCENT_COLOR_NAME = AccentColor;
				ASSETCATALOG_COMPILER_INCLUDE_ALL_APPICON_ASSETS = NO;
				CODE_SIGN_IDENTITY = "Apple Development";
				CODE_SIGN_STYLE = Automatic;
				CURRENT_PROJECT_VERSION = 1;
				DEVELOPMENT_ASSET_PATHS = "\"BubbleSortApp/Preview Content\"";
				DEVELOPMENT_TEAM = 2J5KM3753W;
				ENABLE_PREVIEWS = YES;
				GENERATE_INFOPLIST_FILE = YES;
				INFOPLIST_KEY_UIApplicationSceneManifest_Generation = YES;
				INFOPLIST_KEY_UIApplicationSupportsIndirectInputEvents = YES;
				INFOPLIST_KEY_UILaunchScreen_Generation = YES;
				INFOPLIST_KEY_UISupportedInterfaceOrientations_iPad = "UIInterfaceOrientationPortrait UIInterfaceOrientationPortraitUpsideDown UIInterfaceOrientationLandscapeLeft UIInterfaceOrientationLandscapeRight";
				INFOPLIST_KEY_UISupportedInterfaceOrientations_iPhone = "UIInterfaceOrientationPortrait UIInterfaceOrientationLandscapeLeft UIInterfaceOrientationLandscapeRight";
				IPHONEOS_DEPLOYMENT_TARGET = 17.1;
				LD_RUNPATH_SEARCH_PATHS = (
					"$(inherited)",
					"@executable_path/Frameworks",
				);
				MARKETING_VERSION = 1.0;
				PRODUCT_BUNDLE_IDENTIFIER = com.danielz.BubbleSortApp;
				PRODUCT_NAME = "$(TARGET_NAME)";
				PROVISIONING_PROFILE_SPECIFIER = "";
				SWIFT_EMIT_LOC_STRINGS = YES;
				SWIFT_VERSION = 5.0;
				TARGETED_DEVICE_FAMILY = "1,2";
			};
			name = Release;
		};
		A21EC0EE2CD4ED0300CC55B4 /* Debug */ = {
			isa = XCBuildConfiguration;
			buildSettings = {
				BUNDLE_LOADER = "$(TEST_HOST)";
				CODE_SIGN_STYLE = Automatic;
				CURRENT_PROJECT_VERSION = 1;
				GENERATE_INFOPLIST_FILE = YES;
				IPHONEOS_DEPLOYMENT_TARGET = 18.1;
				MARKETING_VERSION = 1.0;
				PRODUCT_BUNDLE_IDENTIFIER = com.danielz.BubbleSortAppTests;
				PRODUCT_NAME = "$(TARGET_NAME)";
				SWIFT_EMIT_LOC_STRINGS = NO;
				SWIFT_VERSION = 5.0;
				TARGETED_DEVICE_FAMILY = "1,2";
				TEST_HOST = "$(BUILT_PRODUCTS_DIR)/BubbleSortApp.app/$(BUNDLE_EXECUTABLE_FOLDER_PATH)/BubbleSortApp";
			};
			name = Debug;
		};
		A21EC0EF2CD4ED0300CC55B4 /* Release */ = {
			isa = XCBuildConfiguration;
			buildSettings = {
				BUNDLE_LOADER = "$(TEST_HOST)";
				CODE_SIGN_STYLE = Automatic;
				CURRENT_PROJECT_VERSION = 1;
				GENERATE_INFOPLIST_FILE = YES;
				IPHONEOS_DEPLOYMENT_TARGET = 18.1;
				MARKETING_VERSION = 1.0;
				PRODUCT_BUNDLE_IDENTIFIER = com.danielz.BubbleSortAppTests;
				PRODUCT_NAME = "$(TARGET_NAME)";
				SWIFT_EMIT_LOC_STRINGS = NO;
				SWIFT_VERSION = 5.0;
				TARGETED_DEVICE_FAMILY = "1,2";
				TEST_HOST = "$(BUILT_PRODUCTS_DIR)/BubbleSortApp.app/$(BUNDLE_EXECUTABLE_FOLDER_PATH)/BubbleSortApp";
			};
			name = Release;
		};
		A21EC0F12CD4ED0300CC55B4 /* Debug */ = {
			isa = XCBuildConfiguration;
			buildSettings = {
				CODE_SIGN_STYLE = Automatic;
				CURRENT_PROJECT_VERSION = 1;
				GENERATE_INFOPLIST_FILE = YES;
				MARKETING_VERSION = 1.0;
				PRODUCT_BUNDLE_IDENTIFIER = com.danielz.BubbleSortAppUITests;
				PRODUCT_NAME = "$(TARGET_NAME)";
				SWIFT_EMIT_LOC_STRINGS = NO;
				SWIFT_VERSION = 5.0;
				TARGETED_DEVICE_FAMILY = "1,2";
				TEST_TARGET_NAME = BubbleSortApp;
			};
			name = Debug;
		};
		A21EC0F22CD4ED0300CC55B4 /* Release */ = {
			isa = XCBuildConfiguration;
			buildSettings = {
				CODE_SIGN_STYLE = Automatic;
				CURRENT_PROJECT_VERSION = 1;
				GENERATE_INFOPLIST_FILE = YES;
				MARKETING_VERSION = 1.0;
				PRODUCT_BUNDLE_IDENTIFIER = com.danielz.BubbleSortAppUITests;
				PRODUCT_NAME = "$(TARGET_NAME)";
				SWIFT_EMIT_LOC_STRINGS = NO;
				SWIFT_VERSION = 5.0;
				TARGETED_DEVICE_FAMILY = "1,2";
				TEST_TARGET_NAME = BubbleSortApp;
			};
			name = Release;
		};
/* End XCBuildConfiguration section */

/* Begin XCConfigurationList section */
		A21EC0C12CD4ED0100CC55B4 /* Build configuration list for PBXProject "BubbleSortApp" */ = {
			isa = XCConfigurationList;
			buildConfigurations = (
				A21EC0E82CD4ED0300CC55B4 /* Debug */,
				A21EC0E92CD4ED0300CC55B4 /* Release */,
			);
			defaultConfigurationIsVisible = 0;
			defaultConfigurationName = Release;
		};
		A21EC0EA2CD4ED0300CC55B4 /* Build configuration list for PBXNativeTarget "BubbleSortApp" */ = {
			isa = XCConfigurationList;
			buildConfigurations = (
				A21EC0EB2CD4ED0300CC55B4 /* Debug */,
				A21EC0EC2CD4ED0300CC55B4 /* Release */,
			);
			defaultConfigurationIsVisible = 0;
			defaultConfigurationName = Release;
		};
		A21EC0ED2CD4ED0300CC55B4 /* Build configuration list for PBXNativeTarget "BubbleSortAppTests" */ = {
			isa = XCConfigurationList;
			buildConfigurations = (
				A21EC0EE2CD4ED0300CC55B4 /* Debug */,
				A21EC0EF2CD4ED0300CC55B4 /* Release */,
			);
			defaultConfigurationIsVisible = 0;
			defaultConfigurationName = Release;
		};
		A21EC0F02CD4ED0300CC55B4 /* Build configuration list for PBXNativeTarget "BubbleSortAppUITests" */ = {
			isa = XCConfigurationList;
			buildConfigurations = (
				A21EC0F12CD4ED0300CC55B4 /* Debug */,
				A21EC0F22CD4ED0300CC55B4 /* Release */,
			);
			defaultConfigurationIsVisible = 0;
			defaultConfigurationName = Release;
		};
/* End XCConfigurationList section */
	};
	rootObject = A21EC0BE2CD4ED0100CC55B4 /* Project object */;
}
